%{"calliope": {:hex, :calliope, "0.3.0"},
  "cowboy": {:hex, :cowboy, "1.0.0"},
  "cowlib": {:hex, :cowlib, "1.0.1"},
  "plug": {:hex, :plug, "0.12.2"},
  "plug_heartbeat": {:hex, :plug_heartbeat, "0.1.0"},
  "poison": {:hex, :poison, "1.4.0"},
  "ranch": {:hex, :ranch, "1.0.0"},
  "trot": {:git, "git://github.com/hexedpackets/trot.git", "be865ea351c92f486a497f24d3ae7a9bc7de8c87", []}}
